<?xml version="1.0" encoding="utf-8"?>
<Project xmlns="http://schemas.microsoft.com/developer/msbuild/2003">
  <ItemGroup>
    <Filter Include="Generated Files">
      <UniqueIdentifier>{71ED8ED8-ACB9-4CE9-BBE1-E00B30144E11}</UniqueIdentifier>
      <Extensions>cpp;c;cxx;moc;h;def;odl;idl;res;</Extensions>
    </Filter>
    <Filter Include="Generated Files">
      <UniqueIdentifier>{71ED8ED8-ACB9-4CE9-BBE1-E00B30144E11}</UniqueIdentifier>
      <Extensions>cpp;c;cxx;moc;h;def;odl;idl;res;</Extensions>
    </Filter>
    <Filter Include="Header Files">
      <UniqueIdentifier>{93995380-89BD-4b04-88EB-625FBE52EBFB}</UniqueIdentifier>
      <Extensions>h;hpp;hxx;hm;inl;inc;xsd</Extensions>
    </Filter>
    <Filter Include="Header Files">
      <UniqueIdentifier>{93995380-89BD-4b04-88EB-625FBE52EBFB}</UniqueIdentifier>
      <Extensions>h;hpp;hxx;hm;inl;inc;xsd</Extensions>
    </Filter>
    <Filter Include="Resource Files">
      <UniqueIdentifier>{D9D6E242-F8AF-46E4-B9FD-80ECBC20BA3E}</UniqueIdentifier>
      <Extensions>qrc;*</Extensions>
      <ParseFiles>false</ParseFiles>
    </Filter>
    <Filter Include="Resource Files">
      <UniqueIdentifier>{D9D6E242-F8AF-46E4-B9FD-80ECBC20BA3E}</UniqueIdentifier>
      <Extensions>qrc;*</Extensions>
      <ParseFiles>false</ParseFiles>
    </Filter>
    <Filter Include="Source Files">
      <UniqueIdentifier>{4FC737F1-C7A5-4376-A066-2A32D752A2FF}</UniqueIdentifier>
      <Extensions>cpp;c;cxx;def;odl;idl;hpj;bat;asm;asmx</Extensions>
    </Filter>
    <Filter Include="Source Files">
      <UniqueIdentifier>{4FC737F1-C7A5-4376-A066-2A32D752A2FF}</UniqueIdentifier>
      <Extensions>cpp;c;cxx;def;odl;idl;hpj;bat;asm;asmx</Extensions>
    </Filter>
  </ItemGroup>
  <ItemGroup>
    <ClCompile Include="fortune\Beachline.cpp">
      <Filter>Source Files</Filter>
    </ClCompile>
    <ClCompile Include="fortune\Box.cpp">
      <Filter>Source Files</Filter>
    </ClCompile>
    <ClCompile Include="fortune\Event.cpp">
      <Filter>Source Files</Filter>
    </ClCompile>
    <ClCompile Include="fortune\FortuneAlgorithm.cpp">
      <Filter>Source Files</Filter>
    </ClCompile>
    <ClCompile Include="fortune\Vector2.cpp">
      <Filter>Source Files</Filter>
    </ClCompile>
    <ClCompile Include="fortune\VoronoiDiagram.cpp">
      <Filter>Source Files</Filter>
    </ClCompile>
    <ClCompile Include="backend.cpp">
      <Filter>Source Files</Filter>
    </ClCompile>
    <ClCompile Include="main.cpp">
      <Filter>Source Files</Filter>
    </ClCompile>
    <ClCompile Include="test.cpp">
      <Filter>Source Files</Filter>
    </ClCompile>
  </ItemGroup>
  <ItemGroup>
    <ClInclude Include="fortune\Arc.h">
      <Filter>Header Files</Filter>
    </ClInclude>
    <ClInclude Include="fortune\Beachline.h">
      <Filter>Header Files</Filter>
    </ClInclude>
    <ClInclude Include="fortune\Box.h">
      <Filter>Header Files</Filter>
    </ClInclude>
    <ClInclude Include="D:\soft\MyCGAL\geometry\Hull\ConnectorList.h">
      <Filter>Header Files</Filter>
    </ClInclude>
    <ClInclude Include="D:\soft\MyCGAL\geometry\Hull\ConvexHull.h">
      <Filter>Header Files</Filter>
    </ClInclude>
    <ClInclude Include="D:\soft\MyCGAL\geometry\Hull\details\ConvexHull.inl">
      <Filter>Header Files</Filter>
    </ClInclude>
    <ClInclude Include="D:\soft\MyCGAL\geometry\Hull\DeferredSimplex.h">
      <Filter>Header Files</Filter>
    </ClInclude>
    <ClInclude Include="D:\soft\MyCGAL\geometry\Delaunay\DelaunayCell.h">
      <Filter>Header Files</Filter>
    </ClInclude>
    <ClInclude Include="D:\soft\MyCGAL\geometry\Delaunay\DelaunayTriangulation.h">
      <Filter>Header Files</Filter>
    </ClInclude>
    <ClInclude Include="D:\soft\MyCGAL\geometry\Delaunay\DelaunayTriangulation2.h">
      <Filter>Header Files</Filter>
    </ClInclude>
    <ClInclude Include="D:\soft\MyCGAL\geometry\Delaunay\DelaunayTriangulation3.h">
      <Filter>Header Files</Filter>
    </ClInclude>
    <ClInclude Include="fortune\Event.h">
      <Filter>Header Files</Filter>
    </ClInclude>
    <ClInclude Include="fortune\FortuneAlgorithm.h">
      <Filter>Header Files</Filter>
    </ClInclude>
    <ClInclude Include="D:\soft\MyCGAL\geometry\Hull\IConvexHull.h">
      <Filter>Header Files</Filter>
    </ClInclude>
    <ClInclude Include="D:\soft\MyCGAL\geometry\Delaunay\IDelaunayTriangulation.h">
      <Filter>Header Files</Filter>
    </ClInclude>
    <ClInclude Include="D:\soft\MyCGAL\geometry\Primitives\IVertex.h">
      <Filter>Header Files</Filter>
    </ClInclude>
    <ClInclude Include="D:\soft\MyCGAL\geometry\Hull\MathHelper.h">
      <Filter>Header Files</Filter>
    </ClInclude>
    <ClInclude Include="D:\soft\MyCGAL\geometry\Hull\ObjectBuffer.h">
      <Filter>Header Files</Filter>
    </ClInclude>
    <ClInclude Include="D:\soft\MyCGAL\geometry\Hull\ObjectManager.h">
      <Filter>Header Files</Filter>
    </ClInclude>
    <ClInclude Include="fortune\PriorityQueue.h">
      <Filter>Header Files</Filter>
    </ClInclude>
    <ClInclude Include="D:\soft\MyCGAL\geometry\Hull\RandomStack.h">
      <Filter>Header Files</Filter>
    </ClInclude>
    <ClInclude Include="D:\soft\MyCGAL\geometry\Hull\Simplex.h">
      <Filter>Header Files</Filter>
    </ClInclude>
    <ClInclude Include="D:\soft\MyCGAL\geometry\Hull\SimplexConnector.h">
      <Filter>Header Files</Filter>
    </ClInclude>
    <ClInclude Include="D:\soft\MyCGAL\geometry\Hull\SimplexList.h">
      <Filter>Header Files</Filter>
    </ClInclude>
    <ClInclude Include="D:\soft\MyCGAL\geometry\Hull\SimplexWrap.h">
      <Filter>Header Files</Filter>
    </ClInclude>
    <ClInclude Include="fortune\Vector2.h">
      <Filter>Header Files</Filter>
    </ClInclude>
    <ClInclude Include="D:\soft\MyCGAL\geometry\Primitives\Vertex.h">
      <Filter>Header Files</Filter>
    </ClInclude>
    <ClInclude Include="D:\soft\MyCGAL\geometry\Primitives\Vertex2.h">
      <Filter>Header Files</Filter>
    </ClInclude>
    <ClInclude Include="D:\soft\MyCGAL\geometry\Primitives\Vertex3.h">
      <Filter>Header Files</Filter>
    </ClInclude>
    <ClInclude Include="D:\soft\MyCGAL\geometry\Primitives\Vertex4.h">
      <Filter>Header Files</Filter>
    </ClInclude>
    <ClInclude Include="D:\soft\MyCGAL\geometry\Hull\VertexBuffer.h">
      <Filter>Header Files</Filter>
    </ClInclude>
    <ClInclude Include="fortune\VoronoiDiagram.h">
      <Filter>Header Files</Filter>
    </ClInclude>
    <QtMoc Include="backend.h">
      <Filter>Header Files</Filter>
    </QtMoc>
    <QtMoc Include="data.h">
      <Filter>Header Files</Filter>
    </QtMoc>
    <ClInclude Include="mathutil.h">
      <Filter>Header Files</Filter>
    </ClInclude>
    <ClInclude Include="objoperator.h">
      <Filter>Header Files</Filter>
    </ClInclude>
    <ClInclude Include="D:\soft\MyCGAL\geometry\random_set.h">
      <Filter>Header Files</Filter>
    </ClInclude>
    <ClInclude Include="test.h">
      <Filter>Header Files</Filter>
    </ClInclude>
  </ItemGroup>
  <ItemGroup>
    
    
    
    
    <CustomBuild Include="debug\moc_predefs.h.cbt">
      <Filter>Generated Files</Filter>
    </CustomBuild>
    <CustomBuild Include="release\moc_predefs.h.cbt">
      <Filter>Generated Files</Filter>
    </CustomBuild>
    
    
  </ItemGroup>
  <ItemGroup>
    <None Include="Bezier.qml">
      <Filter>Resource Files</Filter>
    </None>
    <None Include="ColorSquare.qml">
      <Filter>Resource Files</Filter>
    </None>
    <None Include="Delaunay2d.qml">
      <Filter>Resource Files</Filter>
    </None>
    <None Include="HW1.qml">
      <Filter>Resource Files</Filter>
    </None>
    <None Include="HW2.qml">
      <Filter>Resource Files</Filter>
    </None>
    <None Include="HW3.qml">
      <Filter>Resource Files</Filter>
    </None>
    <None Include="HW4.qml">
      <Filter>Resource Files</Filter>
    </None>
    <None Include="HW5.qml">
      <Filter>Resource Files</Filter>
    </None>
    <None Include="Hull2d.qml">
      <Filter>Resource Files</Filter>
    </None>
    <None Include="Main.qml">
      <Filter>Resource Files</Filter>
    </None>
    <None Include="Voronoi2D.qml">
      <Filter>Resource Files</Filter>
    </None>
    <QtRcc Include="qml.qrc">
      <Filter>Resource Files</Filter>
    </QtRcc>
  </ItemGroup>
</Project>